
Microsoft Visual Studio Solution File, Format Version 12.00
# Visual Studio 2015
Project("{FAE04EC0-301F-11D3-BF4B-00C04F79EFBC}") = "Nature of Code Evolutional3D", "Nature of Code Evolutional3D.csproj", "{ED1EE8EF-D79C-7932-B307-6122EE90EBAB}"
EndProject
Global
	GlobalSection(SolutionConfigurationPlatforms) = preSolution
		Debug|Any CPU = Debug|Any CPU
		Release|Any CPU = Release|Any CPU
	EndGlobalSection
	GlobalSection(ProjectConfigurationPlatforms) = postSolution
		{ED1EE8EF-D79C-7932-B307-6122EE90EBAB}.Debug|Any CPU.ActiveCfg = Debug|Any CPU
		{ED1EE8EF-D79C-7932-B307-6122EE90EBAB}.Debug|Any CPU.Build.0 = Debug|Any CPU
		{ED1EE8EF-D79C-7932-B307-6122EE90EBAB}.Release|Any CPU.ActiveCfg = Release|Any CPU
		{ED1EE8EF-D79C-7932-B307-6122EE90EBAB}.Release|Any CPU.Build.0 = Release|Any CPU
	EndGlobalSection
	GlobalSection(SolutionProperties) = preSolution
		HideSolutionNode = FALSE
	EndGlobalSection
EndGlobal
